{
  "name": "wsopcua",
  "version": "0.0.0",
  "lockfileVersion": 1,
  "requires": true,
  "dependencies": {
    "@types/loglevel": {
      "version": "1.5.3",
      "resolved": "https://registry.npmjs.org/@types/loglevel/-/loglevel-1.5.3.tgz",
      "integrity": "sha512-TzzIZihV+y9kxSg5xJMkyIkaoGkXi50isZTtGHObNHRqAAwjGNjSCNPI7AUAv0tZUKTq9f2cdkCUd/2JVZUTrA=="
    },
    "@types/underscore": {
      "version": "1.8.5",
      "resolved": "https://registry.npmjs.org/@types/underscore/-/underscore-1.8.5.tgz",
      "integrity": "sha512-7uT7cvLf0saZ4NOsqwG/vu4nyvkvjwibMGGxDEsUkBdaqkq/8apWCnKEpRvcJesO7AnTo+xLqj9/dElDETiT5Q=="
    },
    "delayed": {
      "version": "1.0.1",
      "resolved": "https://registry.npmjs.org/delayed/-/delayed-1.0.1.tgz",
      "integrity": "sha1-bMxRL1Mjbt8SSg/GYKA7G8bSEwY="
    },
    "eventemitter3": {
      "version": "2.0.3",
      "resolved": "https://registry.npmjs.org/eventemitter3/-/eventemitter3-2.0.3.tgz",
      "integrity": "sha1-teEHm1n7XhuidxwKmTvgYKWMmbo="
    },
    "loglevel": {
      "version": "1.6.0",
      "resolved": "https://registry.npmjs.org/loglevel/-/loglevel-1.6.0.tgz",
      "integrity": "sha1-rgyqVhERSYxboTcj1vtjHSQAOTQ="
    },
    "rxjs": {
      "version": "5.5.2",
      "resolved": "https://registry.npmjs.org/rxjs/-/rxjs-5.5.2.tgz",
      "integrity": "sha512-oRYoIKWBU3Ic37fLA5VJu31VqQO4bWubRntcHSJ+cwaDQBwdnZ9x4zmhJfm/nFQ2E82/I4loSioHnACamrKGgA==",
      "requires": {
        "symbol-observable": "1.0.4"
      }
    },
    "symbol-observable": {
      "version": "1.0.4",
      "resolved": "https://registry.npmjs.org/symbol-observable/-/symbol-observable-1.0.4.tgz",
      "integrity": "sha1-Kb9hXUqnEhvdiYsi1LP5vE4qoD0="
    },
    "underscore": {
      "version": "1.8.3",
      "resolved": "https://registry.npmjs.org/underscore/-/underscore-1.8.3.tgz",
      "integrity": "sha1-Tz+1OxBuYJf8+ctBCfKl6b36UCI="
    }
  }
}
